PODS:
  - CocoaLumberjack/Default (3.4.2)
  - CocoaLumberjack/Swift (3.4.2):
    - CocoaLumberjack/Default
  - GRDB.swift (3.6.2)
  - HyperTrackCore (0.8.4):
    - CocoaLumberjack/Swift (= 3.4.2)
    - GRDB.swift (= 3.6.2)

DEPENDENCIES:
  - HyperTrackCore (from `https://github.com/hypertrack/core-ios-sdk.git`, commit `f10da2a5c8e0a1e483755403a8b6c8c381d7e182`)

SPEC REPOS:
  https://github.com/cocoapods/specs.git:
    - CocoaLumberjack
    - GRDB.swift

EXTERNAL SOURCES:
  HyperTrackCore:
    :commit: f10da2a5c8e0a1e483755403a8b6c8c381d7e182
    :git: https://github.com/hypertrack/core-ios-sdk.git

CHECKOUT OPTIONS:
  HyperTrackCore:
    :commit: f10da2a5c8e0a1e483755403a8b6c8c381d7e182
    :git: https://github.com/hypertrack/core-ios-sdk.git

SPEC CHECKSUMS:
  CocoaLumberjack: db7cc9e464771f12054c22ff6947c5a58d43a0fd
  GRDB.swift: e10787d857b6b8135354b9e08fb23b4bb8e2fab7
  HyperTrackCore: 288082f3fb085136dea1cef7c14e76eccfe1bfef

PODFILE CHECKSUM: 11d949473b8fd9e04c4407b8aeaf56c1b491258a

COCOAPODS: 1.6.1
