PODS:
  - CocoaLumberjack/Default (3.4.2)
  - CocoaLumberjack/Swift (3.4.2):
    - CocoaLumberjack/Default
  - GRDB.swift (3.6.2)
  - HyperTrack (3.1.2):
    - CocoaLumberjack/Swift (= 3.4.2)
    - GRDB.swift (= 3.6.2)

DEPENDENCIES:
  - HyperTrack

SPEC REPOS:
  https://github.com/cocoapods/specs.git:
    - CocoaLumberjack
    - GRDB.swift
    - HyperTrack

SPEC CHECKSUMS:
  CocoaLumberjack: db7cc9e464771f12054c22ff6947c5a58d43a0fd
  GRDB.swift: e10787d857b6b8135354b9e08fb23b4bb8e2fab7
  HyperTrack: 934dbc7e4ba1ae2db081bfd95abba643023be08a

PODFILE CHECKSUM: c01ef65f7dbe9bcfa4eadf741b629137df5a5863

COCOAPODS: 1.6.1
