PODS:
  - GRDB.swift (4.4.0):
    - GRDB.swift/standard (= 4.4.0)
  - GRDB.swift/standard (4.4.0)
  - HyperTrack (4.2.2):
    - GRDB.swift (= 4.4.0)
    - HyperTrack/Swift (= 4.2.2)
  - HyperTrack/Swift (4.2.2):
    - GRDB.swift (= 4.4.0)

DEPENDENCIES:
  - HyperTrack (= 4.2.2)

SPEC REPOS:
  https://cdn.cocoapods.org/:
    - GRDB.swift
    - HyperTrack

SPEC CHECKSUMS:
  GRDB.swift: 4f9b6e7efc9470426f6a6de10ec1fee798ff7e43
  HyperTrack: 07c994610a4e66e55bf78a30f6919a0df4fd0501

PODFILE CHECKSUM: e584841999ba6feea206df5ce070c7c95102f39a

COCOAPODS: 1.9.3
