// !$*UTF8*$!
{
	archiveVersion = 1;
	classes = {
	};
	objectVersion = 46;
	objects = {

/* Begin PBXBuildFile section */
		A4DB9F4742BEDCD0A972ECFA /* Pods_HyperTrackOnboarding.framework in Frameworks */ = {isa = PBXBuildFile; fileRef = 5941B8DE05B86F4394144E37 /* Pods_HyperTrackOnboarding.framework */; };
		DCE34D651EC1FF6600EB9EE9 /* AppDelegate.swift in Sources */ = {isa = PBXBuildFile; fileRef = DCE34D641EC1FF6600EB9EE9 /* AppDelegate.swift */; };
		DCE34D671EC1FF6600EB9EE9 /* ViewController.swift in Sources */ = {isa = PBXBuildFile; fileRef = DCE34D661EC1FF6600EB9EE9 /* ViewController.swift */; };
		DCE34D6A1EC1FF6600EB9EE9 /* Main.storyboard in Resources */ = {isa = PBXBuildFile; fileRef = DCE34D681EC1FF6600EB9EE9 /* Main.storyboard */; };
		DCE34D6C1EC1FF6600EB9EE9 /* Assets.xcassets in Resources */ = {isa = PBXBuildFile; fileRef = DCE34D6B1EC1FF6600EB9EE9 /* Assets.xcassets */; };
		DCE34D6F1EC1FF6600EB9EE9 /* LaunchScreen.storyboard in Resources */ = {isa = PBXBuildFile; fileRef = DCE34D6D1EC1FF6600EB9EE9 /* LaunchScreen.storyboard */; };
		DCE34D7A1EC1FF6600EB9EE9 /* HyperTrackOnboardingTests.swift in Sources */ = {isa = PBXBuildFile; fileRef = DCE34D791EC1FF6600EB9EE9 /* HyperTrackOnboardingTests.swift */; };
		DCE34D851EC1FF6600EB9EE9 /* HyperTrackOnboardingUITests.swift in Sources */ = {isa = PBXBuildFile; fileRef = DCE34D841EC1FF6600EB9EE9 /* HyperTrackOnboardingUITests.swift */; };
		DCE34D971EC2052200EB9EE9 /* LogoutController.swift in Sources */ = {isa = PBXBuildFile; fileRef = DCE34D961EC2052200EB9EE9 /* LogoutController.swift */; };
/* End PBXBuildFile section */

/* Begin PBXContainerItemProxy section */
		DCE34D761EC1FF6600EB9EE9 /* PBXContainerItemProxy */ = {
			isa = PBXContainerItemProxy;
			containerPortal = DCE34D591EC1FF6600EB9EE9 /* Project object */;
			proxyType = 1;
			remoteGlobalIDString = DCE34D601EC1FF6600EB9EE9;
			remoteInfo = HyperTrackOnboarding;
		};
		DCE34D811EC1FF6600EB9EE9 /* PBXContainerItemProxy */ = {
			isa = PBXContainerItemProxy;
			containerPortal = DCE34D591EC1FF6600EB9EE9 /* Project object */;
			proxyType = 1;
			remoteGlobalIDString = DCE34D601EC1FF6600EB9EE9;
			remoteInfo = HyperTrackOnboarding;
		};
/* End PBXContainerItemProxy section */

/* Begin PBXFileReference section */
		5941B8DE05B86F4394144E37 /* Pods_HyperTrackOnboarding.framework */ = {isa = PBXFileReference; explicitFileType = wrapper.framework; includeInIndex = 0; path = Pods_HyperTrackOnboarding.framework; sourceTree = BUILT_PRODUCTS_DIR; };
		9FDB03E6FC5FEA842B846B2F /* Pods_HyperTrackOnboardingUITests.framework */ = {isa = PBXFileReference; explicitFileType = wrapper.framework; includeInIndex = 0; path = Pods_HyperTrackOnboardingUITests.framework; sourceTree = BUILT_PRODUCTS_DIR; };
		A6E4D8D7F3A29E872755F011 /* Pods-HyperTrackOnboarding.debug.xcconfig */ = {isa = PBXFileReference; includeInIndex = 1; lastKnownFileType = text.xcconfig; name = "Pods-HyperTrackOnboarding.debug.xcconfig"; path = "Pods/Target Support Files/Pods-HyperTrackOnboarding/Pods-HyperTrackOnboarding.debug.xcconfig"; sourceTree = "<group>"; };
		BE0AD4D97489E1A9966C7571 /* Pods-HyperTrackOnboarding.release.xcconfig */ = {isa = PBXFileReference; includeInIndex = 1; lastKnownFileType = text.xcconfig; name = "Pods-HyperTrackOnboarding.release.xcconfig"; path = "Pods/Target Support Files/Pods-HyperTrackOnboarding/Pods-HyperTrackOnboarding.release.xcconfig"; sourceTree = "<group>"; };
		D6EFF0AD86BFE19BB1C449F1 /* Pods_HyperTrackOnboardingTests.framework */ = {isa = PBXFileReference; explicitFileType = wrapper.framework; includeInIndex = 0; path = Pods_HyperTrackOnboardingTests.framework; sourceTree = BUILT_PRODUCTS_DIR; };
		DCE34D611EC1FF6600EB9EE9 /* HyperTrackOnboarding.app */ = {isa = PBXFileReference; explicitFileType = wrapper.application; includeInIndex = 0; path = HyperTrackOnboarding.app; sourceTree = BUILT_PRODUCTS_DIR; };
		DCE34D641EC1FF6600EB9EE9 /* AppDelegate.swift */ = {isa = PBXFileReference; lastKnownFileType = sourcecode.swift; path = AppDelegate.swift; sourceTree = "<group>"; };
		DCE34D661EC1FF6600EB9EE9 /* ViewController.swift */ = {isa = PBXFileReference; lastKnownFileType = sourcecode.swift; path = ViewController.swift; sourceTree = "<group>"; };
		DCE34D691EC1FF6600EB9EE9 /* Base */ = {isa = PBXFileReference; lastKnownFileType = file.storyboard; name = Base; path = Base.lproj/Main.storyboard; sourceTree = "<group>"; };
		DCE34D6B1EC1FF6600EB9EE9 /* Assets.xcassets */ = {isa = PBXFileReference; lastKnownFileType = folder.assetcatalog; path = Assets.xcassets; sourceTree = "<group>"; };
		DCE34D6E1EC1FF6600EB9EE9 /* Base */ = {isa = PBXFileReference; lastKnownFileType = file.storyboard; name = Base; path = Base.lproj/LaunchScreen.storyboard; sourceTree = "<group>"; };
		DCE34D701EC1FF6600EB9EE9 /* Info.plist */ = {isa = PBXFileReference; lastKnownFileType = text.plist.xml; path = Info.plist; sourceTree = "<group>"; };
		DCE34D751EC1FF6600EB9EE9 /* HyperTrackOnboardingTests.xctest */ = {isa = PBXFileReference; explicitFileType = wrapper.cfbundle; includeInIndex = 0; path = HyperTrackOnboardingTests.xctest; sourceTree = BUILT_PRODUCTS_DIR; };
		DCE34D791EC1FF6600EB9EE9 /* HyperTrackOnboardingTests.swift */ = {isa = PBXFileReference; lastKnownFileType = sourcecode.swift; path = HyperTrackOnboardingTests.swift; sourceTree = "<group>"; };
		DCE34D7B1EC1FF6600EB9EE9 /* Info.plist */ = {isa = PBXFileReference; lastKnownFileType = text.plist.xml; path = Info.plist; sourceTree = "<group>"; };
		DCE34D801EC1FF6600EB9EE9 /* HyperTrackOnboardingUITests.xctest */ = {isa = PBXFileReference; explicitFileType = wrapper.cfbundle; includeInIndex = 0; path = HyperTrackOnboardingUITests.xctest; sourceTree = BUILT_PRODUCTS_DIR; };
		DCE34D841EC1FF6600EB9EE9 /* HyperTrackOnboardingUITests.swift */ = {isa = PBXFileReference; lastKnownFileType = sourcecode.swift; path = HyperTrackOnboardingUITests.swift; sourceTree = "<group>"; };
		DCE34D861EC1FF6600EB9EE9 /* Info.plist */ = {isa = PBXFileReference; lastKnownFileType = text.plist.xml; path = Info.plist; sourceTree = "<group>"; };
		DCE34D961EC2052200EB9EE9 /* LogoutController.swift */ = {isa = PBXFileReference; fileEncoding = 4; lastKnownFileType = sourcecode.swift; path = LogoutController.swift; sourceTree = "<group>"; };
/* End PBXFileReference section */

/* Begin PBXFrameworksBuildPhase section */
		DCE34D5E1EC1FF6600EB9EE9 /* Frameworks */ = {
			isa = PBXFrameworksBuildPhase;
			buildActionMask = 2147483647;
			files = (
				A4DB9F4742BEDCD0A972ECFA /* Pods_HyperTrackOnboarding.framework in Frameworks */,
			);
			runOnlyForDeploymentPostprocessing = 0;
		};
		DCE34D721EC1FF6600EB9EE9 /* Frameworks */ = {
			isa = PBXFrameworksBuildPhase;
			buildActionMask = 2147483647;
			files = (
			);
			runOnlyForDeploymentPostprocessing = 0;
		};
		DCE34D7D1EC1FF6600EB9EE9 /* Frameworks */ = {
			isa = PBXFrameworksBuildPhase;
			buildActionMask = 2147483647;
			files = (
			);
			runOnlyForDeploymentPostprocessing = 0;
		};
/* End PBXFrameworksBuildPhase section */

/* Begin PBXGroup section */
		00FED4E6EE4A9DE867CED9C5 /* Pods */ = {
			isa = PBXGroup;
			children = (
				A6E4D8D7F3A29E872755F011 /* Pods-HyperTrackOnboarding.debug.xcconfig */,
				BE0AD4D97489E1A9966C7571 /* Pods-HyperTrackOnboarding.release.xcconfig */,
			);
			name = Pods;
			sourceTree = "<group>";
		};
		DCE34D581EC1FF6600EB9EE9 = {
			isa = PBXGroup;
			children = (
				DCE34D631EC1FF6600EB9EE9 /* HyperTrackOnboarding */,
				DCE34D781EC1FF6600EB9EE9 /* HyperTrackOnboardingTests */,
				DCE34D831EC1FF6600EB9EE9 /* HyperTrackOnboardingUITests */,
				DCE34D621EC1FF6600EB9EE9 /* Products */,
				00FED4E6EE4A9DE867CED9C5 /* Pods */,
				E95D344DAB88494095A01F51 /* Frameworks */,
			);
			sourceTree = "<group>";
		};
		DCE34D621EC1FF6600EB9EE9 /* Products */ = {
			isa = PBXGroup;
			children = (
				DCE34D611EC1FF6600EB9EE9 /* HyperTrackOnboarding.app */,
				DCE34D751EC1FF6600EB9EE9 /* HyperTrackOnboardingTests.xctest */,
				DCE34D801EC1FF6600EB9EE9 /* HyperTrackOnboardingUITests.xctest */,
			);
			name = Products;
			sourceTree = "<group>";
		};
		DCE34D631EC1FF6600EB9EE9 /* HyperTrackOnboarding */ = {
			isa = PBXGroup;
			children = (
				DCE34D961EC2052200EB9EE9 /* LogoutController.swift */,
				DCE34D641EC1FF6600EB9EE9 /* AppDelegate.swift */,
				DCE34D661EC1FF6600EB9EE9 /* ViewController.swift */,
				DCE34D681EC1FF6600EB9EE9 /* Main.storyboard */,
				DCE34D6B1EC1FF6600EB9EE9 /* Assets.xcassets */,
				DCE34D6D1EC1FF6600EB9EE9 /* LaunchScreen.storyboard */,
				DCE34D701EC1FF6600EB9EE9 /* Info.plist */,
			);
			path = HyperTrackOnboarding;
			sourceTree = "<group>";
		};
		DCE34D781EC1FF6600EB9EE9 /* HyperTrackOnboardingTests */ = {
			isa = PBXGroup;
			children = (
				DCE34D791EC1FF6600EB9EE9 /* HyperTrackOnboardingTests.swift */,
				DCE34D7B1EC1FF6600EB9EE9 /* Info.plist */,
			);
			path = HyperTrackOnboardingTests;
			sourceTree = "<group>";
		};
		DCE34D831EC1FF6600EB9EE9 /* HyperTrackOnboardingUITests */ = {
			isa = PBXGroup;
			children = (
				DCE34D841EC1FF6600EB9EE9 /* HyperTrackOnboardingUITests.swift */,
				DCE34D861EC1FF6600EB9EE9 /* Info.plist */,
			);
			path = HyperTrackOnboardingUITests;
			sourceTree = "<group>";
		};
		E95D344DAB88494095A01F51 /* Frameworks */ = {
			isa = PBXGroup;
			children = (
				5941B8DE05B86F4394144E37 /* Pods_HyperTrackOnboarding.framework */,
				D6EFF0AD86BFE19BB1C449F1 /* Pods_HyperTrackOnboardingTests.framework */,
				9FDB03E6FC5FEA842B846B2F /* Pods_HyperTrackOnboardingUITests.framework */,
			);
			name = Frameworks;
			sourceTree = "<group>";
		};
/* End PBXGroup section */

/* Begin PBXNativeTarget section */
		DCE34D601EC1FF6600EB9EE9 /* HyperTrackOnboarding */ = {
			isa = PBXNativeTarget;
			buildConfigurationList = DCE34D891EC1FF6600EB9EE9 /* Build configuration list for PBXNativeTarget "HyperTrackOnboarding" */;
			buildPhases = (
				0430D59F9DD40E714AD0636C /* [CP] Check Pods Manifest.lock */,
				DCE34D5D1EC1FF6600EB9EE9 /* Sources */,
				DCE34D5E1EC1FF6600EB9EE9 /* Frameworks */,
				DCE34D5F1EC1FF6600EB9EE9 /* Resources */,
				241136685328E7227219DB7F /* [CP] Embed Pods Frameworks */,
				FDD882A0302511D9C7AE1173 /* [CP] Copy Pods Resources */,
			);
			buildRules = (
			);
			dependencies = (
			);
			name = HyperTrackOnboarding;
			productName = HyperTrackOnboarding;
			productReference = DCE34D611EC1FF6600EB9EE9 /* HyperTrackOnboarding.app */;
			productType = "com.apple.product-type.application";
		};
		DCE34D741EC1FF6600EB9EE9 /* HyperTrackOnboardingTests */ = {
			isa = PBXNativeTarget;
			buildConfigurationList = DCE34D8C1EC1FF6600EB9EE9 /* Build configuration list for PBXNativeTarget "HyperTrackOnboardingTests" */;
			buildPhases = (
				DCE34D711EC1FF6600EB9EE9 /* Sources */,
				DCE34D721EC1FF6600EB9EE9 /* Frameworks */,
				DCE34D731EC1FF6600EB9EE9 /* Resources */,
			);
			buildRules = (
			);
			dependencies = (
				DCE34D771EC1FF6600EB9EE9 /* PBXTargetDependency */,
			);
			name = HyperTrackOnboardingTests;
			productName = HyperTrackOnboardingTests;
			productReference = DCE34D751EC1FF6600EB9EE9 /* HyperTrackOnboardingTests.xctest */;
			productType = "com.apple.product-type.bundle.unit-test";
		};
		DCE34D7F1EC1FF6600EB9EE9 /* HyperTrackOnboardingUITests */ = {
			isa = PBXNativeTarget;
			buildConfigurationList = DCE34D8F1EC1FF6600EB9EE9 /* Build configuration list for PBXNativeTarget "HyperTrackOnboardingUITests" */;
			buildPhases = (
				DCE34D7C1EC1FF6600EB9EE9 /* Sources */,
				DCE34D7D1EC1FF6600EB9EE9 /* Frameworks */,
				DCE34D7E1EC1FF6600EB9EE9 /* Resources */,
			);
			buildRules = (
			);
			dependencies = (
				DCE34D821EC1FF6600EB9EE9 /* PBXTargetDependency */,
			);
			name = HyperTrackOnboardingUITests;
			productName = HyperTrackOnboardingUITests;
			productReference = DCE34D801EC1FF6600EB9EE9 /* HyperTrackOnboardingUITests.xctest */;
			productType = "com.apple.product-type.bundle.ui-testing";
		};
/* End PBXNativeTarget section */

/* Begin PBXProject section */
		DCE34D591EC1FF6600EB9EE9 /* Project object */ = {
			isa = PBXProject;
			attributes = {
				LastSwiftUpdateCheck = 0830;
				LastUpgradeCheck = 0830;
				ORGANIZATIONNAME = Hypertrack;
				TargetAttributes = {
					DCE34D601EC1FF6600EB9EE9 = {
						CreatedOnToolsVersion = 8.3.2;
						DevelopmentTeam = H4925W78YQ;
						ProvisioningStyle = Automatic;
						SystemCapabilities = {
							com.apple.BackgroundModes = {
								enabled = 1;
							};
							com.apple.Maps.iOS = {
								enabled = 0;
							};
						};
					};
					DCE34D741EC1FF6600EB9EE9 = {
						CreatedOnToolsVersion = 8.3.2;
						DevelopmentTeam = H4925W78YQ;
						ProvisioningStyle = Automatic;
						TestTargetID = DCE34D601EC1FF6600EB9EE9;
					};
					DCE34D7F1EC1FF6600EB9EE9 = {
						CreatedOnToolsVersion = 8.3.2;
						DevelopmentTeam = H4925W78YQ;
						ProvisioningStyle = Automatic;
						TestTargetID = DCE34D601EC1FF6600EB9EE9;
					};
				};
			};
			buildConfigurationList = DCE34D5C1EC1FF6600EB9EE9 /* Build configuration list for PBXProject "HyperTrackOnboarding" */;
			compatibilityVersion = "Xcode 3.2";
			developmentRegion = English;
			hasScannedForEncodings = 0;
			knownRegions = (
				en,
				Base,
			);
			mainGroup = DCE34D581EC1FF6600EB9EE9;
			productRefGroup = DCE34D621EC1FF6600EB9EE9 /* Products */;
			projectDirPath = "";
			projectRoot = "";
			targets = (
				DCE34D601EC1FF6600EB9EE9 /* HyperTrackOnboarding */,
				DCE34D741EC1FF6600EB9EE9 /* HyperTrackOnboardingTests */,
				DCE34D7F1EC1FF6600EB9EE9 /* HyperTrackOnboardingUITests */,
			);
		};
/* End PBXProject section */

/* Begin PBXResourcesBuildPhase section */
		DCE34D5F1EC1FF6600EB9EE9 /* Resources */ = {
			isa = PBXResourcesBuildPhase;
			buildActionMask = 2147483647;
			files = (
				DCE34D6F1EC1FF6600EB9EE9 /* LaunchScreen.storyboard in Resources */,
				DCE34D6C1EC1FF6600EB9EE9 /* Assets.xcassets in Resources */,
				DCE34D6A1EC1FF6600EB9EE9 /* Main.storyboard in Resources */,
			);
			runOnlyForDeploymentPostprocessing = 0;
		};
		DCE34D731EC1FF6600EB9EE9 /* Resources */ = {
			isa = PBXResourcesBuildPhase;
			buildActionMask = 2147483647;
			files = (
			);
			runOnlyForDeploymentPostprocessing = 0;
		};
		DCE34D7E1EC1FF6600EB9EE9 /* Resources */ = {
			isa = PBXResourcesBuildPhase;
			buildActionMask = 2147483647;
			files = (
			);
			runOnlyForDeploymentPostprocessing = 0;
		};
/* End PBXResourcesBuildPhase section */

/* Begin PBXShellScriptBuildPhase section */
		0430D59F9DD40E714AD0636C /* [CP] Check Pods Manifest.lock */ = {
			isa = PBXShellScriptBuildPhase;
			buildActionMask = 2147483647;
			files = (
			);
			inputPaths = (
				"${PODS_PODFILE_DIR_PATH}/Podfile.lock",
				"${PODS_ROOT}/Manifest.lock",
			);
			name = "[CP] Check Pods Manifest.lock";
			outputPaths = (
				"$(DERIVED_FILE_DIR)/Pods-HyperTrackOnboarding-checkManifestLockResult.txt",
			);
			runOnlyForDeploymentPostprocessing = 0;
			shellPath = /bin/sh;
			shellScript = "diff \"${PODS_PODFILE_DIR_PATH}/Podfile.lock\" \"${PODS_ROOT}/Manifest.lock\" > /dev/null\nif [ $? != 0 ] ; then\n    # print error to STDERR\n    echo \"error: The sandbox is not in sync with the Podfile.lock. Run 'pod install' or update your CocoaPods installation.\" >&2\n    exit 1\nfi\n# This output is used by Xcode 'outputs' to avoid re-running this script phase.\necho \"SUCCESS\" > \"${SCRIPT_OUTPUT_FILE_0}\"\n";
			showEnvVarsInLog = 0;
		};
		241136685328E7227219DB7F /* [CP] Embed Pods Frameworks */ = {
			isa = PBXShellScriptBuildPhase;
			buildActionMask = 2147483647;
			files = (
			);
			inputPaths = (
				"${SRCROOT}/Pods/Target Support Files/Pods-HyperTrackOnboarding/Pods-HyperTrackOnboarding-frameworks.sh",
				"${BUILT_PRODUCTS_DIR}/Alamofire/Alamofire.framework",
				"${BUILT_PRODUCTS_DIR}/CocoaLumberjack/CocoaLumberjack.framework",
				"${BUILT_PRODUCTS_DIR}/GzipSwift/Gzip.framework",
				"${BUILT_PRODUCTS_DIR}/HyperTrack/HyperTrack.framework",
				"${BUILT_PRODUCTS_DIR}/SQLite.swift/SQLite.framework",
			);
			name = "[CP] Embed Pods Frameworks";
			outputPaths = (
				"${TARGET_BUILD_DIR}/${FRAMEWORKS_FOLDER_PATH}/Alamofire.framework",
				"${TARGET_BUILD_DIR}/${FRAMEWORKS_FOLDER_PATH}/CocoaLumberjack.framework",
				"${TARGET_BUILD_DIR}/${FRAMEWORKS_FOLDER_PATH}/Gzip.framework",
				"${TARGET_BUILD_DIR}/${FRAMEWORKS_FOLDER_PATH}/HyperTrack.framework",
				"${TARGET_BUILD_DIR}/${FRAMEWORKS_FOLDER_PATH}/SQLite.framework",
			);
			runOnlyForDeploymentPostprocessing = 0;
			shellPath = /bin/sh;
			shellScript = "\"${SRCROOT}/Pods/Target Support Files/Pods-HyperTrackOnboarding/Pods-HyperTrackOnboarding-frameworks.sh\"\n";
			showEnvVarsInLog = 0;
		};
		FDD882A0302511D9C7AE1173 /* [CP] Copy Pods Resources */ = {
			isa = PBXShellScriptBuildPhase;
			buildActionMask = 2147483647;
			files = (
			);
			inputPaths = (
			);
			name = "[CP] Copy Pods Resources";
			outputPaths = (
			);
			runOnlyForDeploymentPostprocessing = 0;
			shellPath = /bin/sh;
			shellScript = "\"${SRCROOT}/Pods/Target Support Files/Pods-HyperTrackOnboarding/Pods-HyperTrackOnboarding-resources.sh\"\n";
			showEnvVarsInLog = 0;
		};
/* End PBXShellScriptBuildPhase section */

/* Begin PBXSourcesBuildPhase section */
		DCE34D5D1EC1FF6600EB9EE9 /* Sources */ = {
			isa = PBXSourcesBuildPhase;
			buildActionMask = 2147483647;
			files = (
				DCE34D971EC2052200EB9EE9 /* LogoutController.swift in Sources */,
				DCE34D671EC1FF6600EB9EE9 /* ViewController.swift in Sources */,
				DCE34D651EC1FF6600EB9EE9 /* AppDelegate.swift in Sources */,
			);
			runOnlyForDeploymentPostprocessing = 0;
		};
		DCE34D711EC1FF6600EB9EE9 /* Sources */ = {
			isa = PBXSourcesBuildPhase;
			buildActionMask = 2147483647;
			files = (
				DCE34D7A1EC1FF6600EB9EE9 /* HyperTrackOnboardingTests.swift in Sources */,
			);
			runOnlyForDeploymentPostprocessing = 0;
		};
		DCE34D7C1EC1FF6600EB9EE9 /* Sources */ = {
			isa = PBXSourcesBuildPhase;
			buildActionMask = 2147483647;
			files = (
				DCE34D851EC1FF6600EB9EE9 /* HyperTrackOnboardingUITests.swift in Sources */,
			);
			runOnlyForDeploymentPostprocessing = 0;
		};
/* End PBXSourcesBuildPhase section */

/* Begin PBXTargetDependency section */
		DCE34D771EC1FF6600EB9EE9 /* PBXTargetDependency */ = {
			isa = PBXTargetDependency;
			target = DCE34D601EC1FF6600EB9EE9 /* HyperTrackOnboarding */;
			targetProxy = DCE34D761EC1FF6600EB9EE9 /* PBXContainerItemProxy */;
		};
		DCE34D821EC1FF6600EB9EE9 /* PBXTargetDependency */ = {
			isa = PBXTargetDependency;
			target = DCE34D601EC1FF6600EB9EE9 /* HyperTrackOnboarding */;
			targetProxy = DCE34D811EC1FF6600EB9EE9 /* PBXContainerItemProxy */;
		};
/* End PBXTargetDependency section */

/* Begin PBXVariantGroup section */
		DCE34D681EC1FF6600EB9EE9 /* Main.storyboard */ = {
			isa = PBXVariantGroup;
			children = (
				DCE34D691EC1FF6600EB9EE9 /* Base */,
			);
			name = Main.storyboard;
			sourceTree = "<group>";
		};
		DCE34D6D1EC1FF6600EB9EE9 /* LaunchScreen.storyboard */ = {
			isa = PBXVariantGroup;
			children = (
				DCE34D6E1EC1FF6600EB9EE9 /* Base */,
			);
			name = LaunchScreen.storyboard;
			sourceTree = "<group>";
		};
/* End PBXVariantGroup section */

/* Begin XCBuildConfiguration section */
		DCE34D871EC1FF6600EB9EE9 /* Debug */ = {
			isa = XCBuildConfiguration;
			buildSettings = {
				ALWAYS_SEARCH_USER_PATHS = NO;
				CLANG_ANALYZER_NONNULL = YES;
				CLANG_ANALYZER_NUMBER_OBJECT_CONVERSION = YES_AGGRESSIVE;
				CLANG_CXX_LANGUAGE_STANDARD = "gnu++0x";
				CLANG_CXX_LIBRARY = "libc++";
				CLANG_ENABLE_MODULES = YES;
				CLANG_ENABLE_OBJC_ARC = YES;
				CLANG_WARN_BOOL_CONVERSION = YES;
				CLANG_WARN_CONSTANT_CONVERSION = YES;
				CLANG_WARN_DIRECT_OBJC_ISA_USAGE = YES_ERROR;
				CLANG_WARN_DOCUMENTATION_COMMENTS = YES;
				CLANG_WARN_EMPTY_BODY = YES;
				CLANG_WARN_ENUM_CONVERSION = YES;
				CLANG_WARN_INFINITE_RECURSION = YES;
				CLANG_WARN_INT_CONVERSION = YES;
				CLANG_WARN_OBJC_ROOT_CLASS = YES_ERROR;
				CLANG_WARN_SUSPICIOUS_MOVE = YES;
				CLANG_WARN_UNREACHABLE_CODE = YES;
				CLANG_WARN__DUPLICATE_METHOD_MATCH = YES;
				"CODE_SIGN_IDENTITY[sdk=iphoneos*]" = "iPhone Developer";
				COPY_PHASE_STRIP = NO;
				DEBUG_INFORMATION_FORMAT = dwarf;
				ENABLE_STRICT_OBJC_MSGSEND = YES;
				ENABLE_TESTABILITY = YES;
				GCC_C_LANGUAGE_STANDARD = gnu99;
				GCC_DYNAMIC_NO_PIC = NO;
				GCC_NO_COMMON_BLOCKS = YES;
				GCC_OPTIMIZATION_LEVEL = 0;
				GCC_PREPROCESSOR_DEFINITIONS = (
					"DEBUG=1",
					"$(inherited)",
				);
				GCC_WARN_64_TO_32_BIT_CONVERSION = YES;
				GCC_WARN_ABOUT_RETURN_TYPE = YES_ERROR;
				GCC_WARN_UNDECLARED_SELECTOR = YES;
				GCC_WARN_UNINITIALIZED_AUTOS = YES_AGGRESSIVE;
				GCC_WARN_UNUSED_FUNCTION = YES;
				GCC_WARN_UNUSED_VARIABLE = YES;
				IPHONEOS_DEPLOYMENT_TARGET = 10.3;
				MTL_ENABLE_DEBUG_INFO = YES;
				ONLY_ACTIVE_ARCH = YES;
				SDKROOT = iphoneos;
				STRIP_INSTALLED_PRODUCT = NO;
				SWIFT_ACTIVE_COMPILATION_CONDITIONS = DEBUG;
				SWIFT_OPTIMIZATION_LEVEL = "-Onone";
				TARGETED_DEVICE_FAMILY = "1,2";
			};
			name = Debug;
		};
		DCE34D881EC1FF6600EB9EE9 /* Release */ = {
			isa = XCBuildConfiguration;
			buildSettings = {
				ALWAYS_SEARCH_USER_PATHS = NO;
				CLANG_ANALYZER_NONNULL = YES;
				CLANG_ANALYZER_NUMBER_OBJECT_CONVERSION = YES_AGGRESSIVE;
				CLANG_CXX_LANGUAGE_STANDARD = "gnu++0x";
				CLANG_CXX_LIBRARY = "libc++";
				CLANG_ENABLE_MODULES = YES;
				CLANG_ENABLE_OBJC_ARC = YES;
				CLANG_WARN_BOOL_CONVERSION = YES;
				CLANG_WARN_CONSTANT_CONVERSION = YES;
				CLANG_WARN_DIRECT_OBJC_ISA_USAGE = YES_ERROR;
				CLANG_WARN_DOCUMENTATION_COMMENTS = YES;
				CLANG_WARN_EMPTY_BODY = YES;
				CLANG_WARN_ENUM_CONVERSION = YES;
				CLANG_WARN_INFINITE_RECURSION = YES;
				CLANG_WARN_INT_CONVERSION = YES;
				CLANG_WARN_OBJC_ROOT_CLASS = YES_ERROR;
				CLANG_WARN_SUSPICIOUS_MOVE = YES;
				CLANG_WARN_UNREACHABLE_CODE = YES;
				CLANG_WARN__DUPLICATE_METHOD_MATCH = YES;
				"CODE_SIGN_IDENTITY[sdk=iphoneos*]" = "iPhone Developer";
				COPY_PHASE_STRIP = NO;
				DEBUG_INFORMATION_FORMAT = "dwarf-with-dsym";
				ENABLE_NS_ASSERTIONS = NO;
				ENABLE_STRICT_OBJC_MSGSEND = YES;
				GCC_C_LANGUAGE_STANDARD = gnu99;
				GCC_NO_COMMON_BLOCKS = YES;
				GCC_OPTIMIZATION_LEVEL = 0;
				GCC_WARN_64_TO_32_BIT_CONVERSION = YES;
				GCC_WARN_ABOUT_RETURN_TYPE = YES_ERROR;
				GCC_WARN_UNDECLARED_SELECTOR = YES;
				GCC_WARN_UNINITIALIZED_AUTOS = YES_AGGRESSIVE;
				GCC_WARN_UNUSED_FUNCTION = YES;
				GCC_WARN_UNUSED_VARIABLE = YES;
				IPHONEOS_DEPLOYMENT_TARGET = 10.3;
				MTL_ENABLE_DEBUG_INFO = NO;
				SDKROOT = iphoneos;
				STRIP_INSTALLED_PRODUCT = NO;
				SWIFT_OPTIMIZATION_LEVEL = "-Owholemodule";
				TARGETED_DEVICE_FAMILY = "1,2";
				VALIDATE_PRODUCT = YES;
			};
			name = Release;
		};
		DCE34D8A1EC1FF6600EB9EE9 /* Debug */ = {
			isa = XCBuildConfiguration;
			baseConfigurationReference = A6E4D8D7F3A29E872755F011 /* Pods-HyperTrackOnboarding.debug.xcconfig */;
			buildSettings = {
				ASSETCATALOG_COMPILER_APPICON_NAME = AppIcon;
				DEVELOPMENT_TEAM = H4925W78YQ;
				INFOPLIST_FILE = HyperTrackOnboarding/Info.plist;
				IPHONEOS_DEPLOYMENT_TARGET = 10.0;
				LD_RUNPATH_SEARCH_PATHS = "$(inherited) @executable_path/Frameworks";
				PRODUCT_BUNDLE_IDENTIFIER = io.hypertrack.HyperTrackOnboarding;
				PRODUCT_NAME = "$(TARGET_NAME)";
				SWIFT_VERSION = 3.0;
			};
			name = Debug;
		};
		DCE34D8B1EC1FF6600EB9EE9 /* Release */ = {
			isa = XCBuildConfiguration;
			baseConfigurationReference = BE0AD4D97489E1A9966C7571 /* Pods-HyperTrackOnboarding.release.xcconfig */;
			buildSettings = {
				ASSETCATALOG_COMPILER_APPICON_NAME = AppIcon;
				DEVELOPMENT_TEAM = H4925W78YQ;
				INFOPLIST_FILE = HyperTrackOnboarding/Info.plist;
				IPHONEOS_DEPLOYMENT_TARGET = 10.0;
				LD_RUNPATH_SEARCH_PATHS = "$(inherited) @executable_path/Frameworks";
				PRODUCT_BUNDLE_IDENTIFIER = io.hypertrack.HyperTrackOnboarding;
				PRODUCT_NAME = "$(TARGET_NAME)";
				SWIFT_VERSION = 3.0;
			};
			name = Release;
		};
		DCE34D8D1EC1FF6600EB9EE9 /* Debug */ = {
			isa = XCBuildConfiguration;
			buildSettings = {
				ALWAYS_EMBED_SWIFT_STANDARD_LIBRARIES = YES;
				BUNDLE_LOADER = "$(TEST_HOST)";
				DEVELOPMENT_TEAM = H4925W78YQ;
				INFOPLIST_FILE = HyperTrackOnboardingTests/Info.plist;
				LD_RUNPATH_SEARCH_PATHS = "$(inherited) @executable_path/Frameworks @loader_path/Frameworks";
				PRODUCT_BUNDLE_IDENTIFIER = io.hypertrack.HyperTrackOnboardingTests;
				PRODUCT_NAME = "$(TARGET_NAME)";
				SWIFT_VERSION = 3.0;
				TEST_HOST = "$(BUILT_PRODUCTS_DIR)/HyperTrackOnboarding.app/HyperTrackOnboarding";
			};
			name = Debug;
		};
		DCE34D8E1EC1FF6600EB9EE9 /* Release */ = {
			isa = XCBuildConfiguration;
			buildSettings = {
				ALWAYS_EMBED_SWIFT_STANDARD_LIBRARIES = YES;
				BUNDLE_LOADER = "$(TEST_HOST)";
				DEVELOPMENT_TEAM = H4925W78YQ;
				INFOPLIST_FILE = HyperTrackOnboardingTests/Info.plist;
				LD_RUNPATH_SEARCH_PATHS = "$(inherited) @executable_path/Frameworks @loader_path/Frameworks";
				PRODUCT_BUNDLE_IDENTIFIER = io.hypertrack.HyperTrackOnboardingTests;
				PRODUCT_NAME = "$(TARGET_NAME)";
				SWIFT_VERSION = 3.0;
				TEST_HOST = "$(BUILT_PRODUCTS_DIR)/HyperTrackOnboarding.app/HyperTrackOnboarding";
			};
			name = Release;
		};
		DCE34D901EC1FF6600EB9EE9 /* Debug */ = {
			isa = XCBuildConfiguration;
			buildSettings = {
				ALWAYS_EMBED_SWIFT_STANDARD_LIBRARIES = YES;
				DEVELOPMENT_TEAM = H4925W78YQ;
				INFOPLIST_FILE = HyperTrackOnboardingUITests/Info.plist;
				LD_RUNPATH_SEARCH_PATHS = "$(inherited) @executable_path/Frameworks @loader_path/Frameworks";
				PRODUCT_BUNDLE_IDENTIFIER = io.hypertrack.HyperTrackOnboardingUITests;
				PRODUCT_NAME = "$(TARGET_NAME)";
				SWIFT_VERSION = 3.0;
				TEST_TARGET_NAME = HyperTrackOnboarding;
			};
			name = Debug;
		};
		DCE34D911EC1FF6600EB9EE9 /* Release */ = {
			isa = XCBuildConfiguration;
			buildSettings = {
				ALWAYS_EMBED_SWIFT_STANDARD_LIBRARIES = YES;
				DEVELOPMENT_TEAM = H4925W78YQ;
				INFOPLIST_FILE = HyperTrackOnboardingUITests/Info.plist;
				LD_RUNPATH_SEARCH_PATHS = "$(inherited) @executable_path/Frameworks @loader_path/Frameworks";
				PRODUCT_BUNDLE_IDENTIFIER = io.hypertrack.HyperTrackOnboardingUITests;
				PRODUCT_NAME = "$(TARGET_NAME)";
				SWIFT_VERSION = 3.0;
				TEST_TARGET_NAME = HyperTrackOnboarding;
			};
			name = Release;
		};
/* End XCBuildConfiguration section */

/* Begin XCConfigurationList section */
		DCE34D5C1EC1FF6600EB9EE9 /* Build configuration list for PBXProject "HyperTrackOnboarding" */ = {
			isa = XCConfigurationList;
			buildConfigurations = (
				DCE34D871EC1FF6600EB9EE9 /* Debug */,
				DCE34D881EC1FF6600EB9EE9 /* Release */,
			);
			defaultConfigurationIsVisible = 0;
			defaultConfigurationName = Release;
		};
		DCE34D891EC1FF6600EB9EE9 /* Build configuration list for PBXNativeTarget "HyperTrackOnboarding" */ = {
			isa = XCConfigurationList;
			buildConfigurations = (
				DCE34D8A1EC1FF6600EB9EE9 /* Debug */,
				DCE34D8B1EC1FF6600EB9EE9 /* Release */,
			);
			defaultConfigurationIsVisible = 0;
			defaultConfigurationName = Release;
		};
		DCE34D8C1EC1FF6600EB9EE9 /* Build configuration list for PBXNativeTarget "HyperTrackOnboardingTests" */ = {
			isa = XCConfigurationList;
			buildConfigurations = (
				DCE34D8D1EC1FF6600EB9EE9 /* Debug */,
				DCE34D8E1EC1FF6600EB9EE9 /* Release */,
			);
			defaultConfigurationIsVisible = 0;
			defaultConfigurationName = Release;
		};
		DCE34D8F1EC1FF6600EB9EE9 /* Build configuration list for PBXNativeTarget "HyperTrackOnboardingUITests" */ = {
			isa = XCConfigurationList;
			buildConfigurations = (
				DCE34D901EC1FF6600EB9EE9 /* Debug */,
				DCE34D911EC1FF6600EB9EE9 /* Release */,
			);
			defaultConfigurationIsVisible = 0;
			defaultConfigurationName = Release;
		};
/* End XCConfigurationList section */
	};
	rootObject = DCE34D591EC1FF6600EB9EE9 /* Project object */;
}
