PODS:
  - HyperTrack (4.7.0):
    - HyperTrack/Swift (= 4.7.0)
  - HyperTrack/Swift (4.7.0)

DEPENDENCIES:
  - HyperTrack (= 4.7.0)

SPEC REPOS:
  trunk:
    - HyperTrack

SPEC CHECKSUMS:
  HyperTrack: ad630d0ece08ccaad6050847d8c48cb27eb0c3de

PODFILE CHECKSUM: 1505882b06580ad5f1e42b6594285026bd1a615f

COCOAPODS: 1.10.0
