PODS:
  - HyperTrack (4.6.0):
    - HyperTrack/Swift (= 4.6.0)
  - HyperTrack/Swift (4.6.0)

DEPENDENCIES:
  - HyperTrack (= 4.6.0)

SPEC REPOS:
  trunk:
    - HyperTrack

SPEC CHECKSUMS:
  HyperTrack: 7348ec6feb266c7909496ea59602ac4ad78b972b

PODFILE CHECKSUM: 47d090a67280497443f76c4ee7f147765012de0c

COCOAPODS: 1.10.0
